// !$*UTF8*$!
{
	archiveVersion = 1;
	classes = {
	};
	objectVersion = 46;
	objects = {

/* Begin PBXBuildFile section */
		9772050C1C21E505006B25CB /* SettingsViewController.swift in Sources */ = {isa = PBXBuildFile; fileRef = 9772050B1C21E505006B25CB /* SettingsViewController.swift */; };
		97B716261C211A6F006C7A9E /* AppDelegate.swift in Sources */ = {isa = PBXBuildFile; fileRef = 97B716251C211A6F006C7A9E /* AppDelegate.swift */; };
		97B716281C211A6F006C7A9E /* ViewController.swift in Sources */ = {isa = PBXBuildFile; fileRef = 97B716271C211A6F006C7A9E /* ViewController.swift */; };
		97B7162B1C211A6F006C7A9E /* Main.storyboard in Resources */ = {isa = PBXBuildFile; fileRef = 97B716291C211A6F006C7A9E /* Main.storyboard */; };
		97B7162D1C211A6F006C7A9E /* Assets.xcassets in Resources */ = {isa = PBXBuildFile; fileRef = 97B7162C1C211A6F006C7A9E /* Assets.xcassets */; };
		97B716301C211A70006C7A9E /* LaunchScreen.storyboard in Resources */ = {isa = PBXBuildFile; fileRef = 97B7162E1C211A70006C7A9E /* LaunchScreen.storyboard */; };
		97B7163B1C211A70006C7A9E /* tipsTests.swift in Sources */ = {isa = PBXBuildFile; fileRef = 97B7163A1C211A70006C7A9E /* tipsTests.swift */; };
		97B716461C211A71006C7A9E /* tipsUITests.swift in Sources */ = {isa = PBXBuildFile; fileRef = 97B716451C211A71006C7A9E /* tipsUITests.swift */; };
/* End PBXBuildFile section */

/* Begin PBXContainerItemProxy section */
		97B716371C211A70006C7A9E /* PBXContainerItemProxy */ = {
			isa = PBXContainerItemProxy;
			containerPortal = 97B7161A1C211A6E006C7A9E /* Project object */;
			proxyType = 1;
			remoteGlobalIDString = 97B716211C211A6F006C7A9E;
			remoteInfo = tips;
		};
		97B716421C211A71006C7A9E /* PBXContainerItemProxy */ = {
			isa = PBXContainerItemProxy;
			containerPortal = 97B7161A1C211A6E006C7A9E /* Project object */;
			proxyType = 1;
			remoteGlobalIDString = 97B716211C211A6F006C7A9E;
			remoteInfo = tips;
		};
/* End PBXContainerItemProxy section */

/* Begin PBXFileReference section */
		9772050B1C21E505006B25CB /* SettingsViewController.swift */ = {isa = PBXFileReference; fileEncoding = 4; lastKnownFileType = sourcecode.swift; path = SettingsViewController.swift; sourceTree = "<group>"; };
		97B716221C211A6F006C7A9E /* tips.app */ = {isa = PBXFileReference; explicitFileType = wrapper.application; includeInIndex = 0; path = tips.app; sourceTree = BUILT_PRODUCTS_DIR; };
		97B716251C211A6F006C7A9E /* AppDelegate.swift */ = {isa = PBXFileReference; lastKnownFileType = sourcecode.swift; path = AppDelegate.swift; sourceTree = "<group>"; };
		97B716271C211A6F006C7A9E /* ViewController.swift */ = {isa = PBXFileReference; lastKnownFileType = sourcecode.swift; path = ViewController.swift; sourceTree = "<group>"; };
		97B7162A1C211A6F006C7A9E /* Base */ = {isa = PBXFileReference; lastKnownFileType = file.storyboard; name = Base; path = Base.lproj/Main.storyboard; sourceTree = "<group>"; };
		97B7162C1C211A6F006C7A9E /* Assets.xcassets */ = {isa = PBXFileReference; lastKnownFileType = folder.assetcatalog; path = Assets.xcassets; sourceTree = "<group>"; };
		97B7162F1C211A70006C7A9E /* Base */ = {isa = PBXFileReference; lastKnownFileType = file.storyboard; name = Base; path = Base.lproj/LaunchScreen.storyboard; sourceTree = "<group>"; };
		97B716311C211A70006C7A9E /* Info.plist */ = {isa = PBXFileReference; lastKnownFileType = text.plist.xml; path = Info.plist; sourceTree = "<group>"; };
		97B716361C211A70006C7A9E /* tipsTests.xctest */ = {isa = PBXFileReference; explicitFileType = wrapper.cfbundle; includeInIndex = 0; path = tipsTests.xctest; sourceTree = BUILT_PRODUCTS_DIR; };
		97B7163A1C211A70006C7A9E /* tipsTests.swift */ = {isa = PBXFileReference; lastKnownFileType = sourcecode.swift; path = tipsTests.swift; sourceTree = "<group>"; };
		97B7163C1C211A70006C7A9E /* Info.plist */ = {isa = PBXFileReference; lastKnownFileType = text.plist.xml; path = Info.plist; sourceTree = "<group>"; };
		97B716411C211A70006C7A9E /* tipsUITests.xctest */ = {isa = PBXFileReference; explicitFileType = wrapper.cfbundle; includeInIndex = 0; path = tipsUITests.xctest; sourceTree = BUILT_PRODUCTS_DIR; };
		97B716451C211A71006C7A9E /* tipsUITests.swift */ = {isa = PBXFileReference; lastKnownFileType = sourcecode.swift; path = tipsUITests.swift; sourceTree = "<group>"; };
		97B716471C211A71006C7A9E /* Info.plist */ = {isa = PBXFileReference; lastKnownFileType = text.plist.xml; path = Info.plist; sourceTree = "<group>"; };
/* End PBXFileReference section */

/* Begin PBXFrameworksBuildPhase section */
		97B7161F1C211A6F006C7A9E /* Frameworks */ = {
			isa = PBXFrameworksBuildPhase;
			buildActionMask = 2147483647;
			files = (
			);
			runOnlyForDeploymentPostprocessing = 0;
		};
		97B716331C211A70006C7A9E /* Frameworks */ = {
			isa = PBXFrameworksBuildPhase;
			buildActionMask = 2147483647;
			files = (
			);
			runOnlyForDeploymentPostprocessing = 0;
		};
		97B7163E1C211A70006C7A9E /* Frameworks */ = {
			isa = PBXFrameworksBuildPhase;
			buildActionMask = 2147483647;
			files = (
			);
			runOnlyForDeploymentPostprocessing = 0;
		};
/* End PBXFrameworksBuildPhase section */

/* Begin PBXGroup section */
		97B716191C211A6E006C7A9E = {
			isa = PBXGroup;
			children = (
				9772050B1C21E505006B25CB /* SettingsViewController.swift */,
				97B716241C211A6F006C7A9E /* tips */,
				97B716391C211A70006C7A9E /* tipsTests */,
				97B716441C211A71006C7A9E /* tipsUITests */,
				97B716231C211A6F006C7A9E /* Products */,
			);
			sourceTree = "<group>";
		};
		97B716231C211A6F006C7A9E /* Products */ = {
			isa = PBXGroup;
			children = (
				97B716221C211A6F006C7A9E /* tips.app */,
				97B716361C211A70006C7A9E /* tipsTests.xctest */,
				97B716411C211A70006C7A9E /* tipsUITests.xctest */,
			);
			name = Products;
			sourceTree = "<group>";
		};
		97B716241C211A6F006C7A9E /* tips */ = {
			isa = PBXGroup;
			children = (
				97B716251C211A6F006C7A9E /* AppDelegate.swift */,
				97B716271C211A6F006C7A9E /* ViewController.swift */,
				97B716291C211A6F006C7A9E /* Main.storyboard */,
				97B7162C1C211A6F006C7A9E /* Assets.xcassets */,
				97B7162E1C211A70006C7A9E /* LaunchScreen.storyboard */,
				97B716311C211A70006C7A9E /* Info.plist */,
			);
			path = tips;
			sourceTree = "<group>";
		};
		97B716391C211A70006C7A9E /* tipsTests */ = {
			isa = PBXGroup;
			children = (
				97B7163A1C211A70006C7A9E /* tipsTests.swift */,
				97B7163C1C211A70006C7A9E /* Info.plist */,
			);
			path = tipsTests;
			sourceTree = "<group>";
		};
		97B716441C211A71006C7A9E /* tipsUITests */ = {
			isa = PBXGroup;
			children = (
				97B716451C211A71006C7A9E /* tipsUITests.swift */,
				97B716471C211A71006C7A9E /* Info.plist */,
			);
			path = tipsUITests;
			sourceTree = "<group>";
		};
/* End PBXGroup section */

/* Begin PBXNativeTarget section */
		97B716211C211A6F006C7A9E /* tips */ = {
			isa = PBXNativeTarget;
			buildConfigurationList = 97B7164A1C211A71006C7A9E /* Build configuration list for PBXNativeTarget "tips" */;
			buildPhases = (
				97B7161E1C211A6F006C7A9E /* Sources */,
				97B7161F1C211A6F006C7A9E /* Frameworks */,
				97B716201C211A6F006C7A9E /* Resources */,
			);
			buildRules = (
			);
			dependencies = (
			);
			name = tips;
			productName = tips;
			productReference = 97B716221C211A6F006C7A9E /* tips.app */;
			productType = "com.apple.product-type.application";
		};
		97B716351C211A70006C7A9E /* tipsTests */ = {
			isa = PBXNativeTarget;
			buildConfigurationList = 97B7164D1C211A71006C7A9E /* Build configuration list for PBXNativeTarget "tipsTests" */;
			buildPhases = (
				97B716321C211A70006C7A9E /* Sources */,
				97B716331C211A70006C7A9E /* Frameworks */,
				97B716341C211A70006C7A9E /* Resources */,
			);
			buildRules = (
			);
			dependencies = (
				97B716381C211A70006C7A9E /* PBXTargetDependency */,
			);
			name = tipsTests;
			productName = tipsTests;
			productReference = 97B716361C211A70006C7A9E /* tipsTests.xctest */;
			productType = "com.apple.product-type.bundle.unit-test";
		};
		97B716401C211A70006C7A9E /* tipsUITests */ = {
			isa = PBXNativeTarget;
			buildConfigurationList = 97B716501C211A71006C7A9E /* Build configuration list for PBXNativeTarget "tipsUITests" */;
			buildPhases = (
				97B7163D1C211A70006C7A9E /* Sources */,
				97B7163E1C211A70006C7A9E /* Frameworks */,
				97B7163F1C211A70006C7A9E /* Resources */,
			);
			buildRules = (
			);
			dependencies = (
				97B716431C211A71006C7A9E /* PBXTargetDependency */,
			);
			name = tipsUITests;
			productName = tipsUITests;
			productReference = 97B716411C211A70006C7A9E /* tipsUITests.xctest */;
			productType = "com.apple.product-type.bundle.ui-testing";
		};
/* End PBXNativeTarget section */

/* Begin PBXProject section */
		97B7161A1C211A6E006C7A9E /* Project object */ = {
			isa = PBXProject;
			attributes = {
				LastSwiftUpdateCheck = 0720;
				LastUpgradeCheck = 0720;
				ORGANIZATIONNAME = Sumanth;
				TargetAttributes = {
					97B716211C211A6F006C7A9E = {
						CreatedOnToolsVersion = 7.2;
					};
					97B716351C211A70006C7A9E = {
						CreatedOnToolsVersion = 7.2;
						TestTargetID = 97B716211C211A6F006C7A9E;
					};
					97B716401C211A70006C7A9E = {
						CreatedOnToolsVersion = 7.2;
						TestTargetID = 97B716211C211A6F006C7A9E;
					};
				};
			};
			buildConfigurationList = 97B7161D1C211A6E006C7A9E /* Build configuration list for PBXProject "tips" */;
			compatibilityVersion = "Xcode 3.2";
			developmentRegion = English;
			hasScannedForEncodings = 0;
			knownRegions = (
				en,
				Base,
			);
			mainGroup = 97B716191C211A6E006C7A9E;
			productRefGroup = 97B716231C211A6F006C7A9E /* Products */;
			projectDirPath = "";
			projectRoot = "";
			targets = (
				97B716211C211A6F006C7A9E /* tips */,
				97B716351C211A70006C7A9E /* tipsTests */,
				97B716401C211A70006C7A9E /* tipsUITests */,
			);
		};
/* End PBXProject section */

/* Begin PBXResourcesBuildPhase section */
		97B716201C211A6F006C7A9E /* Resources */ = {
			isa = PBXResourcesBuildPhase;
			buildActionMask = 2147483647;
			files = (
				97B716301C211A70006C7A9E /* LaunchScreen.storyboard in Resources */,
				97B7162D1C211A6F006C7A9E /* Assets.xcassets in Resources */,
				97B7162B1C211A6F006C7A9E /* Main.storyboard in Resources */,
			);
			runOnlyForDeploymentPostprocessing = 0;
		};
		97B716341C211A70006C7A9E /* Resources */ = {
			isa = PBXResourcesBuildPhase;
			buildActionMask = 2147483647;
			files = (
			);
			runOnlyForDeploymentPostprocessing = 0;
		};
		97B7163F1C211A70006C7A9E /* Resources */ = {
			isa = PBXResourcesBuildPhase;
			buildActionMask = 2147483647;
			files = (
			);
			runOnlyForDeploymentPostprocessing = 0;
		};
/* End PBXResourcesBuildPhase section */

/* Begin PBXSourcesBuildPhase section */
		97B7161E1C211A6F006C7A9E /* Sources */ = {
			isa = PBXSourcesBuildPhase;
			buildActionMask = 2147483647;
			files = (
				97B716281C211A6F006C7A9E /* ViewController.swift in Sources */,
				97B716261C211A6F006C7A9E /* AppDelegate.swift in Sources */,
				9772050C1C21E505006B25CB /* SettingsViewController.swift in Sources */,
			);
			runOnlyForDeploymentPostprocessing = 0;
		};
		97B716321C211A70006C7A9E /* Sources */ = {
			isa = PBXSourcesBuildPhase;
			buildActionMask = 2147483647;
			files = (
				97B7163B1C211A70006C7A9E /* tipsTests.swift in Sources */,
			);
			runOnlyForDeploymentPostprocessing = 0;
		};
		97B7163D1C211A70006C7A9E /* Sources */ = {
			isa = PBXSourcesBuildPhase;
			buildActionMask = 2147483647;
			files = (
				97B716461C211A71006C7A9E /* tipsUITests.swift in Sources */,
			);
			runOnlyForDeploymentPostprocessing = 0;
		};
/* End PBXSourcesBuildPhase section */

/* Begin PBXTargetDependency section */
		97B716381C211A70006C7A9E /* PBXTargetDependency */ = {
			isa = PBXTargetDependency;
			target = 97B716211C211A6F006C7A9E /* tips */;
			targetProxy = 97B716371C211A70006C7A9E /* PBXContainerItemProxy */;
		};
		97B716431C211A71006C7A9E /* PBXTargetDependency */ = {
			isa = PBXTargetDependency;
			target = 97B716211C211A6F006C7A9E /* tips */;
			targetProxy = 97B716421C211A71006C7A9E /* PBXContainerItemProxy */;
		};
/* End PBXTargetDependency section */

/* Begin PBXVariantGroup section */
		97B716291C211A6F006C7A9E /* Main.storyboard */ = {
			isa = PBXVariantGroup;
			children = (
				97B7162A1C211A6F006C7A9E /* Base */,
			);
			name = Main.storyboard;
			sourceTree = "<group>";
		};
		97B7162E1C211A70006C7A9E /* LaunchScreen.storyboard */ = {
			isa = PBXVariantGroup;
			children = (
				97B7162F1C211A70006C7A9E /* Base */,
			);
			name = LaunchScreen.storyboard;
			sourceTree = "<group>";
		};
/* End PBXVariantGroup section */

/* Begin XCBuildConfiguration section */
		97B716481C211A71006C7A9E /* Debug */ = {
			isa = XCBuildConfiguration;
			buildSettings = {
				ALWAYS_SEARCH_USER_PATHS = NO;
				CLANG_CXX_LANGUAGE_STANDARD = "gnu++0x";
				CLANG_CXX_LIBRARY = "libc++";
				CLANG_ENABLE_MODULES = YES;
				CLANG_ENABLE_OBJC_ARC = YES;
				CLANG_WARN_BOOL_CONVERSION = YES;
				CLANG_WARN_CONSTANT_CONVERSION = YES;
				CLANG_WARN_DIRECT_OBJC_ISA_USAGE = YES_ERROR;
				CLANG_WARN_EMPTY_BODY = YES;
				CLANG_WARN_ENUM_CONVERSION = YES;
				CLANG_WARN_INT_CONVERSION = YES;
				CLANG_WARN_OBJC_ROOT_CLASS = YES_ERROR;
				CLANG_WARN_UNREACHABLE_CODE = YES;
				CLANG_WARN__DUPLICATE_METHOD_MATCH = YES;
				"CODE_SIGN_IDENTITY[sdk=iphoneos*]" = "iPhone Developer";
				COPY_PHASE_STRIP = NO;
				DEBUG_INFORMATION_FORMAT = dwarf;
				ENABLE_STRICT_OBJC_MSGSEND = YES;
				ENABLE_TESTABILITY = YES;
				GCC_C_LANGUAGE_STANDARD = gnu99;
				GCC_DYNAMIC_NO_PIC = NO;
				GCC_NO_COMMON_BLOCKS = YES;
				GCC_OPTIMIZATION_LEVEL = 0;
				GCC_PREPROCESSOR_DEFINITIONS = (
					"DEBUG=1",
					"$(inherited)",
				);
				GCC_WARN_64_TO_32_BIT_CONVERSION = YES;
				GCC_WARN_ABOUT_RETURN_TYPE = YES_ERROR;
				GCC_WARN_UNDECLARED_SELECTOR = YES;
				GCC_WARN_UNINITIALIZED_AUTOS = YES_AGGRESSIVE;
				GCC_WARN_UNUSED_FUNCTION = YES;
				GCC_WARN_UNUSED_VARIABLE = YES;
				IPHONEOS_DEPLOYMENT_TARGET = 9.2;
				MTL_ENABLE_DEBUG_INFO = YES;
				ONLY_ACTIVE_ARCH = YES;
				SDKROOT = iphoneos;
				SWIFT_OPTIMIZATION_LEVEL = "-Onone";
			};
			name = Debug;
		};
		97B716491C211A71006C7A9E /* Release */ = {
			isa = XCBuildConfiguration;
			buildSettings = {
				ALWAYS_SEARCH_USER_PATHS = NO;
				CLANG_CXX_LANGUAGE_STANDARD = "gnu++0x";
				CLANG_CXX_LIBRARY = "libc++";
				CLANG_ENABLE_MODULES = YES;
				CLANG_ENABLE_OBJC_ARC = YES;
				CLANG_WARN_BOOL_CONVERSION = YES;
				CLANG_WARN_CONSTANT_CONVERSION = YES;
				CLANG_WARN_DIRECT_OBJC_ISA_USAGE = YES_ERROR;
				CLANG_WARN_EMPTY_BODY = YES;
				CLANG_WARN_ENUM_CONVERSION = YES;
				CLANG_WARN_INT_CONVERSION = YES;
				CLANG_WARN_OBJC_ROOT_CLASS = YES_ERROR;
				CLANG_WARN_UNREACHABLE_CODE = YES;
				CLANG_WARN__DUPLICATE_METHOD_MATCH = YES;
				"CODE_SIGN_IDENTITY[sdk=iphoneos*]" = "iPhone Developer";
				COPY_PHASE_STRIP = NO;
				DEBUG_INFORMATION_FORMAT = "dwarf-with-dsym";
				ENABLE_NS_ASSERTIONS = NO;
				ENABLE_STRICT_OBJC_MSGSEND = YES;
				GCC_C_LANGUAGE_STANDARD = gnu99;
				GCC_NO_COMMON_BLOCKS = YES;
				GCC_WARN_64_TO_32_BIT_CONVERSION = YES;
				GCC_WARN_ABOUT_RETURN_TYPE = YES_ERROR;
				GCC_WARN_UNDECLARED_SELECTOR = YES;
				GCC_WARN_UNINITIALIZED_AUTOS = YES_AGGRESSIVE;
				GCC_WARN_UNUSED_FUNCTION = YES;
				GCC_WARN_UNUSED_VARIABLE = YES;
				IPHONEOS_DEPLOYMENT_TARGET = 9.2;
				MTL_ENABLE_DEBUG_INFO = NO;
				SDKROOT = iphoneos;
				VALIDATE_PRODUCT = YES;
			};
			name = Release;
		};
		97B7164B1C211A71006C7A9E /* Debug */ = {
			isa = XCBuildConfiguration;
			buildSettings = {
				ASSETCATALOG_COMPILER_APPICON_NAME = AppIcon;
				INFOPLIST_FILE = tips/Info.plist;
				IPHONEOS_DEPLOYMENT_TARGET = 7.0;
				LD_RUNPATH_SEARCH_PATHS = "$(inherited) @executable_path/Frameworks";
				PRODUCT_BUNDLE_IDENTIFIER = sumanth.tips;
				PRODUCT_NAME = "$(TARGET_NAME)";
			};
			name = Debug;
		};
		97B7164C1C211A71006C7A9E /* Release */ = {
			isa = XCBuildConfiguration;
			buildSettings = {
				ASSETCATALOG_COMPILER_APPICON_NAME = AppIcon;
				INFOPLIST_FILE = tips/Info.plist;
				IPHONEOS_DEPLOYMENT_TARGET = 7.0;
				LD_RUNPATH_SEARCH_PATHS = "$(inherited) @executable_path/Frameworks";
				PRODUCT_BUNDLE_IDENTIFIER = sumanth.tips;
				PRODUCT_NAME = "$(TARGET_NAME)";
			};
			name = Release;
		};
		97B7164E1C211A71006C7A9E /* Debug */ = {
			isa = XCBuildConfiguration;
			buildSettings = {
				BUNDLE_LOADER = "$(TEST_HOST)";
				INFOPLIST_FILE = tipsTests/Info.plist;
				LD_RUNPATH_SEARCH_PATHS = "$(inherited) @executable_path/Frameworks @loader_path/Frameworks";
				PRODUCT_BUNDLE_IDENTIFIER = sumanth.tipsTests;
				PRODUCT_NAME = "$(TARGET_NAME)";
				TEST_HOST = "$(BUILT_PRODUCTS_DIR)/tips.app/tips";
			};
			name = Debug;
		};
		97B7164F1C211A71006C7A9E /* Release */ = {
			isa = XCBuildConfiguration;
			buildSettings = {
				BUNDLE_LOADER = "$(TEST_HOST)";
				INFOPLIST_FILE = tipsTests/Info.plist;
				LD_RUNPATH_SEARCH_PATHS = "$(inherited) @executable_path/Frameworks @loader_path/Frameworks";
				PRODUCT_BUNDLE_IDENTIFIER = sumanth.tipsTests;
				PRODUCT_NAME = "$(TARGET_NAME)";
				TEST_HOST = "$(BUILT_PRODUCTS_DIR)/tips.app/tips";
			};
			name = Release;
		};
		97B716511C211A71006C7A9E /* Debug */ = {
			isa = XCBuildConfiguration;
			buildSettings = {
				INFOPLIST_FILE = tipsUITests/Info.plist;
				LD_RUNPATH_SEARCH_PATHS = "$(inherited) @executable_path/Frameworks @loader_path/Frameworks";
				PRODUCT_BUNDLE_IDENTIFIER = sumanth.tipsUITests;
				PRODUCT_NAME = "$(TARGET_NAME)";
				TEST_TARGET_NAME = tips;
				USES_XCTRUNNER = YES;
			};
			name = Debug;
		};
		97B716521C211A71006C7A9E /* Release */ = {
			isa = XCBuildConfiguration;
			buildSettings = {
				INFOPLIST_FILE = tipsUITests/Info.plist;
				LD_RUNPATH_SEARCH_PATHS = "$(inherited) @executable_path/Frameworks @loader_path/Frameworks";
				PRODUCT_BUNDLE_IDENTIFIER = sumanth.tipsUITests;
				PRODUCT_NAME = "$(TARGET_NAME)";
				TEST_TARGET_NAME = tips;
				USES_XCTRUNNER = YES;
			};
			name = Release;
		};
/* End XCBuildConfiguration section */

/* Begin XCConfigurationList section */
		97B7161D1C211A6E006C7A9E /* Build configuration list for PBXProject "tips" */ = {
			isa = XCConfigurationList;
			buildConfigurations = (
				97B716481C211A71006C7A9E /* Debug */,
				97B716491C211A71006C7A9E /* Release */,
			);
			defaultConfigurationIsVisible = 0;
			defaultConfigurationName = Release;
		};
		97B7164A1C211A71006C7A9E /* Build configuration list for PBXNativeTarget "tips" */ = {
			isa = XCConfigurationList;
			buildConfigurations = (
				97B7164B1C211A71006C7A9E /* Debug */,
				97B7164C1C211A71006C7A9E /* Release */,
			);
			defaultConfigurationIsVisible = 0;
			defaultConfigurationName = Release;
		};
		97B7164D1C211A71006C7A9E /* Build configuration list for PBXNativeTarget "tipsTests" */ = {
			isa = XCConfigurationList;
			buildConfigurations = (
				97B7164E1C211A71006C7A9E /* Debug */,
				97B7164F1C211A71006C7A9E /* Release */,
			);
			defaultConfigurationIsVisible = 0;
			defaultConfigurationName = Release;
		};
		97B716501C211A71006C7A9E /* Build configuration list for PBXNativeTarget "tipsUITests" */ = {
			isa = XCConfigurationList;
			buildConfigurations = (
				97B716511C211A71006C7A9E /* Debug */,
				97B716521C211A71006C7A9E /* Release */,
			);
			defaultConfigurationIsVisible = 0;
			defaultConfigurationName = Release;
		};
/* End XCConfigurationList section */
	};
	rootObject = 97B7161A1C211A6E006C7A9E /* Project object */;
}
